
Microsoft Visual Studio Solution File, Format Version 12.00
# Visual Studio 15
VisualStudioVersion = 15.0.28307.645
MinimumVisualStudioVersion = 10.0.40219.1
Project("{FAE04EC0-301F-11D3-BF4B-00C04F79EFBC}") = "mvcPhone", "mvcPhone\mvcPhone.csproj", "{3CEF2F13-F0AA-42B6-AB32-A9A81B3D2794}"
EndProject
Project("{FAE04EC0-301F-11D3-BF4B-00C04F79EFBC}") = "apiPhone", "apiPhone\apiPhone.csproj", "{6CB91C26-DD3C-48E3-AD00-53EB6995EFE4}"
EndProject
Project("{FAE04EC0-301F-11D3-BF4B-00C04F79EFBC}") = "appPhone.Android", "appPhone\appPhone.Android\appPhone.Android.csproj", "{0E73B727-30AC-4DE0-B0A2-5EF0804FF1F1}"
EndProject
Project("{FAE04EC0-301F-11D3-BF4B-00C04F79EFBC}") = "appPhone.iOS", "appPhone\appPhone.iOS\appPhone.iOS.csproj", "{EE9B8BAC-A099-435F-AABA-F1D8A7C46803}"
EndProject
Project("{FAE04EC0-301F-11D3-BF4B-00C04F79EFBC}") = "appPhone", "appPhone\appPhone\appPhone.csproj", "{6B5390BB-1CDF-4CC5-9F2E-A6BF543992E2}"
EndProject
Global
	GlobalSection(SolutionConfigurationPlatforms) = preSolution
		Ad-Hoc|Any CPU = Ad-Hoc|Any CPU
		Ad-Hoc|iPhone = Ad-Hoc|iPhone
		Ad-Hoc|iPhoneSimulator = Ad-Hoc|iPhoneSimulator
		AppStore|Any CPU = AppStore|Any CPU
		AppStore|iPhone = AppStore|iPhone
		AppStore|iPhoneSimulator = AppStore|iPhoneSimulator
		Debug|Any CPU = Debug|Any CPU
		Debug|iPhone = Debug|iPhone
		Debug|iPhoneSimulator = Debug|iPhoneSimulator
		Release|Any CPU = Release|Any CPU
		Release|iPhone = Release|iPhone
		Release|iPhoneSimulator = Release|iPhoneSimulator
	EndGlobalSection
	GlobalSection(ProjectConfigurationPlatforms) = postSolution
		{3CEF2F13-F0AA-42B6-AB32-A9A81B3D2794}.Ad-Hoc|Any CPU.ActiveCfg = Release|Any CPU
		{3CEF2F13-F0AA-42B6-AB32-A9A81B3D2794}.Ad-Hoc|Any CPU.Build.0 = Release|Any CPU
		{3CEF2F13-F0AA-42B6-AB32-A9A81B3D2794}.Ad-Hoc|iPhone.ActiveCfg = Release|Any CPU
		{3CEF2F13-F0AA-42B6-AB32-A9A81B3D2794}.Ad-Hoc|iPhone.Build.0 = Release|Any CPU
		{3CEF2F13-F0AA-42B6-AB32-A9A81B3D2794}.Ad-Hoc|iPhoneSimulator.ActiveCfg = Release|Any CPU
		{3CEF2F13-F0AA-42B6-AB32-A9A81B3D2794}.Ad-Hoc|iPhoneSimulator.Build.0 = Release|Any CPU
		{3CEF2F13-F0AA-42B6-AB32-A9A81B3D2794}.AppStore|Any CPU.ActiveCfg = Release|Any CPU
		{3CEF2F13-F0AA-42B6-AB32-A9A81B3D2794}.AppStore|Any CPU.Build.0 = Release|Any CPU
		{3CEF2F13-F0AA-42B6-AB32-A9A81B3D2794}.AppStore|iPhone.ActiveCfg = Release|Any CPU
		{3CEF2F13-F0AA-42B6-AB32-A9A81B3D2794}.AppStore|iPhone.Build.0 = Release|Any CPU
		{3CEF2F13-F0AA-42B6-AB32-A9A81B3D2794}.AppStore|iPhoneSimulator.ActiveCfg = Release|Any CPU
		{3CEF2F13-F0AA-42B6-AB32-A9A81B3D2794}.AppStore|iPhoneSimulator.Build.0 = Release|Any CPU
		{3CEF2F13-F0AA-42B6-AB32-A9A81B3D2794}.Debug|Any CPU.ActiveCfg = Debug|Any CPU
		{3CEF2F13-F0AA-42B6-AB32-A9A81B3D2794}.Debug|Any CPU.Build.0 = Debug|Any CPU
		{3CEF2F13-F0AA-42B6-AB32-A9A81B3D2794}.Debug|iPhone.ActiveCfg = Debug|Any CPU
		{3CEF2F13-F0AA-42B6-AB32-A9A81B3D2794}.Debug|iPhone.Build.0 = Debug|Any CPU
		{3CEF2F13-F0AA-42B6-AB32-A9A81B3D2794}.Debug|iPhoneSimulator.ActiveCfg = Debug|Any CPU
		{3CEF2F13-F0AA-42B6-AB32-A9A81B3D2794}.Debug|iPhoneSimulator.Build.0 = Debug|Any CPU
		{3CEF2F13-F0AA-42B6-AB32-A9A81B3D2794}.Release|Any CPU.ActiveCfg = Release|Any CPU
		{3CEF2F13-F0AA-42B6-AB32-A9A81B3D2794}.Release|Any CPU.Build.0 = Release|Any CPU
		{3CEF2F13-F0AA-42B6-AB32-A9A81B3D2794}.Release|iPhone.ActiveCfg = Release|Any CPU
		{3CEF2F13-F0AA-42B6-AB32-A9A81B3D2794}.Release|iPhone.Build.0 = Release|Any CPU
		{3CEF2F13-F0AA-42B6-AB32-A9A81B3D2794}.Release|iPhoneSimulator.ActiveCfg = Release|Any CPU
		{3CEF2F13-F0AA-42B6-AB32-A9A81B3D2794}.Release|iPhoneSimulator.Build.0 = Release|Any CPU
		{6CB91C26-DD3C-48E3-AD00-53EB6995EFE4}.Ad-Hoc|Any CPU.ActiveCfg = Release|Any CPU
		{6CB91C26-DD3C-48E3-AD00-53EB6995EFE4}.Ad-Hoc|Any CPU.Build.0 = Release|Any CPU
		{6CB91C26-DD3C-48E3-AD00-53EB6995EFE4}.Ad-Hoc|iPhone.ActiveCfg = Release|Any CPU
		{6CB91C26-DD3C-48E3-AD00-53EB6995EFE4}.Ad-Hoc|iPhone.Build.0 = Release|Any CPU
		{6CB91C26-DD3C-48E3-AD00-53EB6995EFE4}.Ad-Hoc|iPhoneSimulator.ActiveCfg = Release|Any CPU
		{6CB91C26-DD3C-48E3-AD00-53EB6995EFE4}.Ad-Hoc|iPhoneSimulator.Build.0 = Release|Any CPU
		{6CB91C26-DD3C-48E3-AD00-53EB6995EFE4}.AppStore|Any CPU.ActiveCfg = Release|Any CPU
		{6CB91C26-DD3C-48E3-AD00-53EB6995EFE4}.AppStore|Any CPU.Build.0 = Release|Any CPU
		{6CB91C26-DD3C-48E3-AD00-53EB6995EFE4}.AppStore|iPhone.ActiveCfg = Release|Any CPU
		{6CB91C26-DD3C-48E3-AD00-53EB6995EFE4}.AppStore|iPhone.Build.0 = Release|Any CPU
		{6CB91C26-DD3C-48E3-AD00-53EB6995EFE4}.AppStore|iPhoneSimulator.ActiveCfg = Release|Any CPU
		{6CB91C26-DD3C-48E3-AD00-53EB6995EFE4}.AppStore|iPhoneSimulator.Build.0 = Release|Any CPU
		{6CB91C26-DD3C-48E3-AD00-53EB6995EFE4}.Debug|Any CPU.ActiveCfg = Debug|Any CPU
		{6CB91C26-DD3C-48E3-AD00-53EB6995EFE4}.Debug|Any CPU.Build.0 = Debug|Any CPU
		{6CB91C26-DD3C-48E3-AD00-53EB6995EFE4}.Debug|iPhone.ActiveCfg = Debug|Any CPU
		{6CB91C26-DD3C-48E3-AD00-53EB6995EFE4}.Debug|iPhone.Build.0 = Debug|Any CPU
		{6CB91C26-DD3C-48E3-AD00-53EB6995EFE4}.Debug|iPhoneSimulator.ActiveCfg = Debug|Any CPU
		{6CB91C26-DD3C-48E3-AD00-53EB6995EFE4}.Debug|iPhoneSimulator.Build.0 = Debug|Any CPU
		{6CB91C26-DD3C-48E3-AD00-53EB6995EFE4}.Release|Any CPU.ActiveCfg = Release|Any CPU
		{6CB91C26-DD3C-48E3-AD00-53EB6995EFE4}.Release|Any CPU.Build.0 = Release|Any CPU
		{6CB91C26-DD3C-48E3-AD00-53EB6995EFE4}.Release|iPhone.ActiveCfg = Release|Any CPU
		{6CB91C26-DD3C-48E3-AD00-53EB6995EFE4}.Release|iPhone.Build.0 = Release|Any CPU
		{6CB91C26-DD3C-48E3-AD00-53EB6995EFE4}.Release|iPhoneSimulator.ActiveCfg = Release|Any CPU
		{6CB91C26-DD3C-48E3-AD00-53EB6995EFE4}.Release|iPhoneSimulator.Build.0 = Release|Any CPU
		{0E73B727-30AC-4DE0-B0A2-5EF0804FF1F1}.Ad-Hoc|Any CPU.ActiveCfg = Release|Any CPU
		{0E73B727-30AC-4DE0-B0A2-5EF0804FF1F1}.Ad-Hoc|Any CPU.Build.0 = Release|Any CPU
		{0E73B727-30AC-4DE0-B0A2-5EF0804FF1F1}.Ad-Hoc|Any CPU.Deploy.0 = Release|Any CPU
		{0E73B727-30AC-4DE0-B0A2-5EF0804FF1F1}.Ad-Hoc|iPhone.ActiveCfg = Release|Any CPU
		{0E73B727-30AC-4DE0-B0A2-5EF0804FF1F1}.Ad-Hoc|iPhone.Build.0 = Release|Any CPU
		{0E73B727-30AC-4DE0-B0A2-5EF0804FF1F1}.Ad-Hoc|iPhone.Deploy.0 = Release|Any CPU
		{0E73B727-30AC-4DE0-B0A2-5EF0804FF1F1}.Ad-Hoc|iPhoneSimulator.ActiveCfg = Release|Any CPU
		{0E73B727-30AC-4DE0-B0A2-5EF0804FF1F1}.Ad-Hoc|iPhoneSimulator.Build.0 = Release|Any CPU
		{0E73B727-30AC-4DE0-B0A2-5EF0804FF1F1}.Ad-Hoc|iPhoneSimulator.Deploy.0 = Release|Any CPU
		{0E73B727-30AC-4DE0-B0A2-5EF0804FF1F1}.AppStore|Any CPU.ActiveCfg = Release|Any CPU
		{0E73B727-30AC-4DE0-B0A2-5EF0804FF1F1}.AppStore|Any CPU.Build.0 = Release|Any CPU
		{0E73B727-30AC-4DE0-B0A2-5EF0804FF1F1}.AppStore|Any CPU.Deploy.0 = Release|Any CPU
		{0E73B727-30AC-4DE0-B0A2-5EF0804FF1F1}.AppStore|iPhone.ActiveCfg = Release|Any CPU
		{0E73B727-30AC-4DE0-B0A2-5EF0804FF1F1}.AppStore|iPhone.Build.0 = Release|Any CPU
		{0E73B727-30AC-4DE0-B0A2-5EF0804FF1F1}.AppStore|iPhone.Deploy.0 = Release|Any CPU
		{0E73B727-30AC-4DE0-B0A2-5EF0804FF1F1}.AppStore|iPhoneSimulator.ActiveCfg = Release|Any CPU
		{0E73B727-30AC-4DE0-B0A2-5EF0804FF1F1}.AppStore|iPhoneSimulator.Build.0 = Release|Any CPU
		{0E73B727-30AC-4DE0-B0A2-5EF0804FF1F1}.AppStore|iPhoneSimulator.Deploy.0 = Release|Any CPU
		{0E73B727-30AC-4DE0-B0A2-5EF0804FF1F1}.Debug|Any CPU.ActiveCfg = Debug|Any CPU
		{0E73B727-30AC-4DE0-B0A2-5EF0804FF1F1}.Debug|Any CPU.Build.0 = Debug|Any CPU
		{0E73B727-30AC-4DE0-B0A2-5EF0804FF1F1}.Debug|Any CPU.Deploy.0 = Debug|Any CPU
		{0E73B727-30AC-4DE0-B0A2-5EF0804FF1F1}.Debug|iPhone.ActiveCfg = Debug|Any CPU
		{0E73B727-30AC-4DE0-B0A2-5EF0804FF1F1}.Debug|iPhone.Build.0 = Debug|Any CPU
		{0E73B727-30AC-4DE0-B0A2-5EF0804FF1F1}.Debug|iPhone.Deploy.0 = Debug|Any CPU
		{0E73B727-30AC-4DE0-B0A2-5EF0804FF1F1}.Debug|iPhoneSimulator.ActiveCfg = Debug|Any CPU
		{0E73B727-30AC-4DE0-B0A2-5EF0804FF1F1}.Debug|iPhoneSimulator.Build.0 = Debug|Any CPU
		{0E73B727-30AC-4DE0-B0A2-5EF0804FF1F1}.Debug|iPhoneSimulator.Deploy.0 = Debug|Any CPU
		{0E73B727-30AC-4DE0-B0A2-5EF0804FF1F1}.Release|Any CPU.ActiveCfg = Release|Any CPU
		{0E73B727-30AC-4DE0-B0A2-5EF0804FF1F1}.Release|Any CPU.Build.0 = Release|Any CPU
		{0E73B727-30AC-4DE0-B0A2-5EF0804FF1F1}.Release|Any CPU.Deploy.0 = Release|Any CPU
		{0E73B727-30AC-4DE0-B0A2-5EF0804FF1F1}.Release|iPhone.ActiveCfg = Release|Any CPU
		{0E73B727-30AC-4DE0-B0A2-5EF0804FF1F1}.Release|iPhone.Build.0 = Release|Any CPU
		{0E73B727-30AC-4DE0-B0A2-5EF0804FF1F1}.Release|iPhone.Deploy.0 = Release|Any CPU
		{0E73B727-30AC-4DE0-B0A2-5EF0804FF1F1}.Release|iPhoneSimulator.ActiveCfg = Release|Any CPU
		{0E73B727-30AC-4DE0-B0A2-5EF0804FF1F1}.Release|iPhoneSimulator.Build.0 = Release|Any CPU
		{0E73B727-30AC-4DE0-B0A2-5EF0804FF1F1}.Release|iPhoneSimulator.Deploy.0 = Release|Any CPU
		{EE9B8BAC-A099-435F-AABA-F1D8A7C46803}.Ad-Hoc|Any CPU.ActiveCfg = Ad-Hoc|iPhone
		{EE9B8BAC-A099-435F-AABA-F1D8A7C46803}.Ad-Hoc|iPhone.ActiveCfg = Ad-Hoc|iPhone
		{EE9B8BAC-A099-435F-AABA-F1D8A7C46803}.Ad-Hoc|iPhone.Build.0 = Ad-Hoc|iPhone
		{EE9B8BAC-A099-435F-AABA-F1D8A7C46803}.Ad-Hoc|iPhoneSimulator.ActiveCfg = Ad-Hoc|iPhoneSimulator
		{EE9B8BAC-A099-435F-AABA-F1D8A7C46803}.Ad-Hoc|iPhoneSimulator.Build.0 = Ad-Hoc|iPhoneSimulator
		{EE9B8BAC-A099-435F-AABA-F1D8A7C46803}.AppStore|Any CPU.ActiveCfg = AppStore|iPhone
		{EE9B8BAC-A099-435F-AABA-F1D8A7C46803}.AppStore|iPhone.ActiveCfg = AppStore|iPhone
		{EE9B8BAC-A099-435F-AABA-F1D8A7C46803}.AppStore|iPhone.Build.0 = AppStore|iPhone
		{EE9B8BAC-A099-435F-AABA-F1D8A7C46803}.AppStore|iPhoneSimulator.ActiveCfg = AppStore|iPhoneSimulator
		{EE9B8BAC-A099-435F-AABA-F1D8A7C46803}.AppStore|iPhoneSimulator.Build.0 = AppStore|iPhoneSimulator
		{EE9B8BAC-A099-435F-AABA-F1D8A7C46803}.Debug|Any CPU.ActiveCfg = Debug|iPhone
		{EE9B8BAC-A099-435F-AABA-F1D8A7C46803}.Debug|iPhone.ActiveCfg = Debug|iPhone
		{EE9B8BAC-A099-435F-AABA-F1D8A7C46803}.Debug|iPhone.Build.0 = Debug|iPhone
		{EE9B8BAC-A099-435F-AABA-F1D8A7C46803}.Debug|iPhoneSimulator.ActiveCfg = Debug|iPhoneSimulator
		{EE9B8BAC-A099-435F-AABA-F1D8A7C46803}.Debug|iPhoneSimulator.Build.0 = Debug|iPhoneSimulator
		{EE9B8BAC-A099-435F-AABA-F1D8A7C46803}.Release|Any CPU.ActiveCfg = Release|iPhone
		{EE9B8BAC-A099-435F-AABA-F1D8A7C46803}.Release|iPhone.ActiveCfg = Release|iPhone
		{EE9B8BAC-A099-435F-AABA-F1D8A7C46803}.Release|iPhone.Build.0 = Release|iPhone
		{EE9B8BAC-A099-435F-AABA-F1D8A7C46803}.Release|iPhoneSimulator.ActiveCfg = Release|iPhoneSimulator
		{EE9B8BAC-A099-435F-AABA-F1D8A7C46803}.Release|iPhoneSimulator.Build.0 = Release|iPhoneSimulator
		{6B5390BB-1CDF-4CC5-9F2E-A6BF543992E2}.Ad-Hoc|Any CPU.ActiveCfg = Debug|Any CPU
		{6B5390BB-1CDF-4CC5-9F2E-A6BF543992E2}.Ad-Hoc|Any CPU.Build.0 = Debug|Any CPU
		{6B5390BB-1CDF-4CC5-9F2E-A6BF543992E2}.Ad-Hoc|iPhone.ActiveCfg = Debug|Any CPU
		{6B5390BB-1CDF-4CC5-9F2E-A6BF543992E2}.Ad-Hoc|iPhone.Build.0 = Debug|Any CPU
		{6B5390BB-1CDF-4CC5-9F2E-A6BF543992E2}.Ad-Hoc|iPhoneSimulator.ActiveCfg = Debug|Any CPU
		{6B5390BB-1CDF-4CC5-9F2E-A6BF543992E2}.Ad-Hoc|iPhoneSimulator.Build.0 = Debug|Any CPU
		{6B5390BB-1CDF-4CC5-9F2E-A6BF543992E2}.AppStore|Any CPU.ActiveCfg = Debug|Any CPU
		{6B5390BB-1CDF-4CC5-9F2E-A6BF543992E2}.AppStore|Any CPU.Build.0 = Debug|Any CPU
		{6B5390BB-1CDF-4CC5-9F2E-A6BF543992E2}.AppStore|iPhone.ActiveCfg = Debug|Any CPU
		{6B5390BB-1CDF-4CC5-9F2E-A6BF543992E2}.AppStore|iPhone.Build.0 = Debug|Any CPU
		{6B5390BB-1CDF-4CC5-9F2E-A6BF543992E2}.AppStore|iPhoneSimulator.ActiveCfg = Debug|Any CPU
		{6B5390BB-1CDF-4CC5-9F2E-A6BF543992E2}.AppStore|iPhoneSimulator.Build.0 = Debug|Any CPU
		{6B5390BB-1CDF-4CC5-9F2E-A6BF543992E2}.Debug|Any CPU.ActiveCfg = Debug|Any CPU
		{6B5390BB-1CDF-4CC5-9F2E-A6BF543992E2}.Debug|Any CPU.Build.0 = Debug|Any CPU
		{6B5390BB-1CDF-4CC5-9F2E-A6BF543992E2}.Debug|iPhone.ActiveCfg = Debug|Any CPU
		{6B5390BB-1CDF-4CC5-9F2E-A6BF543992E2}.Debug|iPhone.Build.0 = Debug|Any CPU
		{6B5390BB-1CDF-4CC5-9F2E-A6BF543992E2}.Debug|iPhoneSimulator.ActiveCfg = Debug|Any CPU
		{6B5390BB-1CDF-4CC5-9F2E-A6BF543992E2}.Debug|iPhoneSimulator.Build.0 = Debug|Any CPU
		{6B5390BB-1CDF-4CC5-9F2E-A6BF543992E2}.Release|Any CPU.ActiveCfg = Release|Any CPU
		{6B5390BB-1CDF-4CC5-9F2E-A6BF543992E2}.Release|Any CPU.Build.0 = Release|Any CPU
		{6B5390BB-1CDF-4CC5-9F2E-A6BF543992E2}.Release|iPhone.ActiveCfg = Release|Any CPU
		{6B5390BB-1CDF-4CC5-9F2E-A6BF543992E2}.Release|iPhone.Build.0 = Release|Any CPU
		{6B5390BB-1CDF-4CC5-9F2E-A6BF543992E2}.Release|iPhoneSimulator.ActiveCfg = Release|Any CPU
		{6B5390BB-1CDF-4CC5-9F2E-A6BF543992E2}.Release|iPhoneSimulator.Build.0 = Release|Any CPU
	EndGlobalSection
	GlobalSection(SolutionProperties) = preSolution
		HideSolutionNode = FALSE
	EndGlobalSection
	GlobalSection(ExtensibilityGlobals) = postSolution
		SolutionGuid = {451B47A9-F629-41D5-9582-2B0CA804006F}
	EndGlobalSection
EndGlobal
